
Microsoft Visual Studio Solution File, Format Version 12.00
# Visual Studio 15
VisualStudioVersion = 15.0.27703.2042
MinimumVisualStudioVersion = 10.0.40219.1
Project("{FAE04EC0-301F-11D3-BF4B-00C04F79EFBC}") = "MyDb", "MyDb\MyDb.csproj", "{F68AA112-7344-4184-80BF-87C677257874}"
EndProject
Global
	GlobalSection(SolutionConfigurationPlatforms) = preSolution
		Debug|Any CPU = Debug|Any CPU
		Release|Any CPU = Release|Any CPU
	EndGlobalSection
	GlobalSection(ProjectConfigurationPlatforms) = postSolution
		{F68AA112-7344-4184-80BF-87C677257874}.Debug|Any CPU.ActiveCfg = Debug|Any CPU
		{F68AA112-7344-4184-80BF-87C677257874}.Debug|Any CPU.Build.0 = Debug|Any CPU
		{F68AA112-7344-4184-80BF-87C677257874}.Release|Any CPU.ActiveCfg = Release|Any CPU
		{F68AA112-7344-4184-80BF-87C677257874}.Release|Any CPU.Build.0 = Release|Any CPU
	EndGlobalSection
	GlobalSection(SolutionProperties) = preSolution
		HideSolutionNode = FALSE
	EndGlobalSection
	GlobalSection(ExtensibilityGlobals) = postSolution
		SolutionGuid = {72B15AA8-FB23-49A0-9EAE-53A8B61FA27F}
	EndGlobalSection
EndGlobal
